
Microsoft Visual Studio Solution File, Format Version 12.00
# Visual Studio Version 17
VisualStudioVersion = 17.9.34723.18
MinimumVisualStudioVersion = 10.0.40219.1
Project("{FAE04EC0-301F-11D3-BF4B-00C04F79EFBC}") = "lesson2", "lesson2.csproj", "{3F2BA009-B777-446D-9D88-6FE236C70759}"
EndProject
Global
	GlobalSection(SolutionConfigurationPlatforms) = preSolution
		Debug|Any CPU = Debug|Any CPU
		Release|Any CPU = Release|Any CPU
	EndGlobalSection
	GlobalSection(ProjectConfigurationPlatforms) = postSolution
		{3F2BA009-B777-446D-9D88-6FE236C70759}.Debug|Any CPU.ActiveCfg = Debug|Any CPU
		{3F2BA009-B777-446D-9D88-6FE236C70759}.Debug|Any CPU.Build.0 = Debug|Any CPU
		{3F2BA009-B777-446D-9D88-6FE236C70759}.Release|Any CPU.ActiveCfg = Release|Any CPU
		{3F2BA009-B777-446D-9D88-6FE236C70759}.Release|Any CPU.Build.0 = Release|Any CPU
	EndGlobalSection
	GlobalSection(SolutionProperties) = preSolution
		HideSolutionNode = FALSE
	EndGlobalSection
	GlobalSection(ExtensibilityGlobals) = postSolution
		SolutionGuid = {5A6AA8F3-13B5-4E98-AC35-7574A9669DC4}
	EndGlobalSection
EndGlobal
